
Microsoft Visual Studio Solution File, Format Version 12.00
# Visual Studio Version 16
VisualStudioVersion = 16.0.30309.148
MinimumVisualStudioVersion = 10.0.40219.1
Project("{FAE04EC0-301F-11D3-BF4B-00C04F79EFBC}") = "ManageCafe", "ManageCafe\ManageCafe.csproj", "{78C613CC-50FF-4F85-8AAB-B1983E2D6B6A}"
EndProject
Global
	GlobalSection(SolutionConfigurationPlatforms) = preSolution
		Debug|Any CPU = Debug|Any CPU
		Release|Any CPU = Release|Any CPU
	EndGlobalSection
	GlobalSection(ProjectConfigurationPlatforms) = postSolution
		{78C613CC-50FF-4F85-8AAB-B1983E2D6B6A}.Debug|Any CPU.ActiveCfg = Debug|Any CPU
		{78C613CC-50FF-4F85-8AAB-B1983E2D6B6A}.Debug|Any CPU.Build.0 = Debug|Any CPU
		{78C613CC-50FF-4F85-8AAB-B1983E2D6B6A}.Release|Any CPU.ActiveCfg = Release|Any CPU
		{78C613CC-50FF-4F85-8AAB-B1983E2D6B6A}.Release|Any CPU.Build.0 = Release|Any CPU
	EndGlobalSection
	GlobalSection(SolutionProperties) = preSolution
		HideSolutionNode = FALSE
	EndGlobalSection
	GlobalSection(ExtensibilityGlobals) = postSolution
		SolutionGuid = {020460E8-63E4-44E4-8788-2ADA548AE65D}
	EndGlobalSection
EndGlobal
